
Microsoft Visual Studio Solution File, Format Version 12.00
# Visual Studio Version 16
VisualStudioVersion = 16.0.30225.117
MinimumVisualStudioVersion = 10.0.40219.1
Project("{FAE04EC0-301F-11D3-BF4B-00C04F79EFBC}") = "MottMac.TRS.RoboCore.Test", "MottMac.TRS.RoboCore.Test\MottMac.TRS.RoboCore.Test.csproj", "{9D7F4353-B51D-4F93-BF60-AF8DD9E0EC1A}"
EndProject
Project("{FAE04EC0-301F-11D3-BF4B-00C04F79EFBC}") = "MottMac.TRS.RoboCore", "MottMac.TRS.RoboCore\MottMac.TRS.RoboCore.csproj", "{9B68D4F1-FA93-43B2-903D-E98F87AF0D56}"
EndProject
Project("{FAE04EC0-301F-11D3-BF4B-00C04F79EFBC}") = "MottMac.TRS.ConsoleClient", "MottMac.TRS.ConsoleClient\MottMac.TRS.ConsoleClient.csproj", "{09DDC3C1-DF3D-40AD-A41E-BA57D52899ED}"
EndProject
Global
	GlobalSection(SolutionConfigurationPlatforms) = preSolution
		Debug|Any CPU = Debug|Any CPU
		Release|Any CPU = Release|Any CPU
	EndGlobalSection
	GlobalSection(ProjectConfigurationPlatforms) = postSolution
		{9D7F4353-B51D-4F93-BF60-AF8DD9E0EC1A}.Debug|Any CPU.ActiveCfg = Debug|Any CPU
		{9D7F4353-B51D-4F93-BF60-AF8DD9E0EC1A}.Debug|Any CPU.Build.0 = Debug|Any CPU
		{9D7F4353-B51D-4F93-BF60-AF8DD9E0EC1A}.Release|Any CPU.ActiveCfg = Release|Any CPU
		{9D7F4353-B51D-4F93-BF60-AF8DD9E0EC1A}.Release|Any CPU.Build.0 = Release|Any CPU
		{9B68D4F1-FA93-43B2-903D-E98F87AF0D56}.Debug|Any CPU.ActiveCfg = Debug|Any CPU
		{9B68D4F1-FA93-43B2-903D-E98F87AF0D56}.Debug|Any CPU.Build.0 = Debug|Any CPU
		{9B68D4F1-FA93-43B2-903D-E98F87AF0D56}.Release|Any CPU.ActiveCfg = Release|Any CPU
		{9B68D4F1-FA93-43B2-903D-E98F87AF0D56}.Release|Any CPU.Build.0 = Release|Any CPU
		{09DDC3C1-DF3D-40AD-A41E-BA57D52899ED}.Debug|Any CPU.ActiveCfg = Debug|Any CPU
		{09DDC3C1-DF3D-40AD-A41E-BA57D52899ED}.Debug|Any CPU.Build.0 = Debug|Any CPU
		{09DDC3C1-DF3D-40AD-A41E-BA57D52899ED}.Release|Any CPU.ActiveCfg = Release|Any CPU
		{09DDC3C1-DF3D-40AD-A41E-BA57D52899ED}.Release|Any CPU.Build.0 = Release|Any CPU
	EndGlobalSection
	GlobalSection(SolutionProperties) = preSolution
		HideSolutionNode = FALSE
	EndGlobalSection
	GlobalSection(ExtensibilityGlobals) = postSolution
		SolutionGuid = {D2716A08-6349-4085-BEA0-9645FFBBF989}
	EndGlobalSection
EndGlobal
